// !$*UTF8*$!
{
	archiveVersion = 1;
	classes = {
	};
	objectVersion = 52;
	objects = {

/* Begin PBXBuildFile section */
		5E1AC2B6247B899200C63DCF /* Configuration.storekit in Resources */ = {isa = PBXBuildFile; fileRef = 040B683A24786A0A00899813 /* Configuration.storekit */; };
		5E612410244E8B32004DDFF7 /* FrutaApp.swift in Sources */ = {isa = PBXBuildFile; fileRef = 5E6123FD244E8B32004DDFF7 /* FrutaApp.swift */; };
		5E612411244E8B32004DDFF7 /* FrutaApp.swift in Sources */ = {isa = PBXBuildFile; fileRef = 5E6123FD244E8B32004DDFF7 /* FrutaApp.swift */; };
		5E612414244E8B32004DDFF7 /* Assets.xcassets in Resources */ = {isa = PBXBuildFile; fileRef = 5E6123FF244E8B32004DDFF7 /* Assets.xcassets */; };
		5E612415244E8B32004DDFF7 /* Assets.xcassets in Resources */ = {isa = PBXBuildFile; fileRef = 5E6123FF244E8B32004DDFF7 /* Assets.xcassets */; };
		5EBA05C82463AD9F003B66CF /* Preferences.swift in Sources */ = {isa = PBXBuildFile; fileRef = 5EBA05C72463AD9F003B66CF /* Preferences.swift */; };
		5ED308232460CD38000B64A7 /* VisualEffectView.swift in Sources */ = {isa = PBXBuildFile; fileRef = 5ED308222460CD38000B64A7 /* VisualEffectView.swift */; };
		611716C82469DF41000FFDD9 /* AppTabNavigation.swift in Sources */ = {isa = PBXBuildFile; fileRef = 611716C72469DF41000FFDD9 /* AppTabNavigation.swift */; };
		619A41CA2466033D00C6C4CC /* VisualEffectView.swift in Sources */ = {isa = PBXBuildFile; fileRef = 619A41C82466033A00C6C4CC /* VisualEffectView.swift */; };
		9ED9EC3B24821A0200076765 /* NutritionFacts in Frameworks */ = {isa = PBXBuildFile; productRef = 9ED9EC3A24821A0200076765 /* NutritionFacts */; };
/* End PBXBuildFile section */

/* Begin PBXCopyFilesBuildPhase section */
		9E9CCAA7247F5F600010BD89 /* Embed Frameworks */ = {
			isa = PBXCopyFilesBuildPhase;
			buildActionMask = 2147483647;
			dstPath = "";
			dstSubfolderSpec = 10;
			files = (
			);
			name = "Embed Frameworks";
			runOnlyForDeploymentPostprocessing = 0;
		};
		9E9CCAB0247F5F7B0010BD89 /* Embed Frameworks */ = {
			isa = PBXCopyFilesBuildPhase;
			buildActionMask = 2147483647;
			dstPath = "";
			dstSubfolderSpec = 10;
			files = (
			);
			name = "Embed Frameworks";
			runOnlyForDeploymentPostprocessing = 0;
		};
/* End PBXCopyFilesBuildPhase section */

/* Begin PBXFileReference section */
		040B683A24786A0A00899813 /* Configuration.storekit */ = {isa = PBXFileReference; lastKnownFileType = text; path = Configuration.storekit; sourceTree = "<group>"; };
		040B684324786C5400899813 /* Info.plist */ = {isa = PBXFileReference; lastKnownFileType = text.plist.xml; path = Info.plist; sourceTree = "<group>"; };
		040B684D2478876300899813 /* InAppPurchases.swift */ = {isa = PBXFileReference; lastKnownFileType = sourcecode.swift; path = InAppPurchases.swift; sourceTree = "<group>"; };
		040B685D247887F300899813 /* iOS Tests.xctestplan */ = {isa = PBXFileReference; lastKnownFileType = text; path = "iOS Tests.xctestplan"; sourceTree = "<group>"; };
		5E1AC2B3247B462A00C63DCF /* CountButton.swift */ = {isa = PBXFileReference; lastKnownFileType = sourcecode.swift; path = CountButton.swift; sourceTree = "<group>"; };
		5E6123FD244E8B32004DDFF7 /* FrutaApp.swift */ = {isa = PBXFileReference; lastKnownFileType = sourcecode.swift; path = FrutaApp.swift; sourceTree = "<group>"; };
		5E6123FF244E8B32004DDFF7 /* Assets.xcassets */ = {isa = PBXFileReference; lastKnownFileType = folder.assetcatalog; path = Assets.xcassets; sourceTree = "<group>"; };
		5E612404244E8B32004DDFF7 /* Fruta.app */ = {isa = PBXFileReference; explicitFileType = wrapper.application; includeInIndex = 0; path = Fruta.app; sourceTree = BUILT_PRODUCTS_DIR; };
		5E61240C244E8B32004DDFF7 /* Fruta.app */ = {isa = PBXFileReference; explicitFileType = wrapper.application; includeInIndex = 0; path = Fruta.app; sourceTree = BUILT_PRODUCTS_DIR; };
		5E61240E244E8B32004DDFF7 /* Info.plist */ = {isa = PBXFileReference; lastKnownFileType = text.plist.xml; path = Info.plist; sourceTree = "<group>"; };
		5E61240F244E8B32004DDFF7 /* macOS.entitlements */ = {isa = PBXFileReference; lastKnownFileType = text.plist.entitlements; path = macOS.entitlements; sourceTree = "<group>"; };
		5E9FBFA12474A33800468580 /* SquishableButtonStyle.swift */ = {isa = PBXFileReference; lastKnownFileType = sourcecode.swift; path = SquishableButtonStyle.swift; sourceTree = "<group>"; };
		5EBA05C72463AD9F003B66CF /* Preferences.swift */ = {isa = PBXFileReference; lastKnownFileType = sourcecode.swift; path = Preferences.swift; sourceTree = "<group>"; };
		5ED308222460CD38000B64A7 /* VisualEffectView.swift */ = {isa = PBXFileReference; lastKnownFileType = sourcecode.swift; path = VisualEffectView.swift; sourceTree = "<group>"; };
		6111A1C426157D870046AAA9 /* RewardsCard.swift */ = {isa = PBXFileReference; lastKnownFileType = sourcecode.swift; path = RewardsCard.swift; sourceTree = "<group>"; };
		6111A1C526157D870046AAA9 /* OrderPlacedView.swift */ = {isa = PBXFileReference; lastKnownFileType = sourcecode.swift; path = OrderPlacedView.swift; sourceTree = "<group>"; };
		6111A1C626157D870046AAA9 /* RewardsView.swift */ = {isa = PBXFileReference; lastKnownFileType = sourcecode.swift; path = RewardsView.swift; sourceTree = "<group>"; };
		6111A1C726157D870046AAA9 /* PaymentButton.swift */ = {isa = PBXFileReference; lastKnownFileType = sourcecode.swift; path = PaymentButton.swift; sourceTree = "<group>"; };
		6111A1C926157D870046AAA9 /* BubbleBackground.swift */ = {isa = PBXFileReference; lastKnownFileType = sourcecode.swift; path = BubbleBackground.swift; sourceTree = "<group>"; };
		6111A1CA26157D870046AAA9 /* StepperView.swift */ = {isa = PBXFileReference; lastKnownFileType = sourcecode.swift; path = StepperView.swift; sourceTree = "<group>"; };
		6111A1CB26157D870046AAA9 /* FlipView.swift */ = {isa = PBXFileReference; lastKnownFileType = sourcecode.swift; path = FlipView.swift; sourceTree = "<group>"; };
		6111A1CC26157D870046AAA9 /* BubbleView.swift */ = {isa = PBXFileReference; lastKnownFileType = sourcecode.swift; path = BubbleView.swift; sourceTree = "<group>"; };
		6111A1CD26157D870046AAA9 /* CountButton.swift */ = {isa = PBXFileReference; lastKnownFileType = sourcecode.swift; path = CountButton.swift; sourceTree = "<group>"; };
		6111A1CE26157D870046AAA9 /* CardActionButton.swift */ = {isa = PBXFileReference; lastKnownFileType = sourcecode.swift; path = CardActionButton.swift; sourceTree = "<group>"; };
		6111A1CF26157D870046AAA9 /* AnimatableFontModifier.swift */ = {isa = PBXFileReference; lastKnownFileType = sourcecode.swift; path = AnimatableFontModifier.swift; sourceTree = "<group>"; };
		6111A1D126157D870046AAA9 /* CircleToggleStyle.swift */ = {isa = PBXFileReference; lastKnownFileType = sourcecode.swift; path = CircleToggleStyle.swift; sourceTree = "<group>"; };
		6111A1D226157D870046AAA9 /* Animations.swift */ = {isa = PBXFileReference; lastKnownFileType = sourcecode.swift; path = Animations.swift; sourceTree = "<group>"; };
		6111A1D326157D870046AAA9 /* SquishableButtonStyle.swift */ = {isa = PBXFileReference; lastKnownFileType = sourcecode.swift; path = SquishableButtonStyle.swift; sourceTree = "<group>"; };
		6111A1D526157D870046AAA9 /* RewardsCardWidget.swift */ = {isa = PBXFileReference; lastKnownFileType = sourcecode.swift; path = RewardsCardWidget.swift; sourceTree = "<group>"; };
		6111A1D626157D870046AAA9 /* FeaturedSmoothieWidget.swift */ = {isa = PBXFileReference; lastKnownFileType = sourcecode.swift; path = FeaturedSmoothieWidget.swift; sourceTree = "<group>"; };
		6111A1D726157D870046AAA9 /* FrutaWidgets.swift */ = {isa = PBXFileReference; lastKnownFileType = sourcecode.swift; path = FrutaWidgets.swift; sourceTree = "<group>"; };
		6111A1D926157D870046AAA9 /* MeasuredIngredient.swift */ = {isa = PBXFileReference; lastKnownFileType = sourcecode.swift; path = MeasuredIngredient.swift; sourceTree = "<group>"; };
		6111A1DA26157D870046AAA9 /* RecipeUnlockButton.swift */ = {isa = PBXFileReference; lastKnownFileType = sourcecode.swift; path = RecipeUnlockButton.swift; sourceTree = "<group>"; };
		6111A1DB26157D870046AAA9 /* RecipeView.swift */ = {isa = PBXFileReference; lastKnownFileType = sourcecode.swift; path = RecipeView.swift; sourceTree = "<group>"; };
		6111A1DC26157D870046AAA9 /* MeasurementView.swift */ = {isa = PBXFileReference; lastKnownFileType = sourcecode.swift; path = MeasurementView.swift; sourceTree = "<group>"; };
		6111A1DD26157D870046AAA9 /* RecipeList.swift */ = {isa = PBXFileReference; lastKnownFileType = sourcecode.swift; path = RecipeList.swift; sourceTree = "<group>"; };
		6111A1DF26157D870046AAA9 /* AppSidebarNavigation.swift */ = {isa = PBXFileReference; lastKnownFileType = sourcecode.swift; path = AppSidebarNavigation.swift; sourceTree = "<group>"; };
		6111A1E026157D870046AAA9 /* ContentView.swift */ = {isa = PBXFileReference; lastKnownFileType = sourcecode.swift; path = ContentView.swift; sourceTree = "<group>"; };
		6111A1E226157D870046AAA9 /* FrutaModel.swift */ = {isa = PBXFileReference; lastKnownFileType = sourcecode.swift; path = FrutaModel.swift; sourceTree = "<group>"; };
		6111A1E326157D870046AAA9 /* Order.swift */ = {isa = PBXFileReference; lastKnownFileType = sourcecode.swift; path = Order.swift; sourceTree = "<group>"; };
		6111A1E426157D870046AAA9 /* Configuration.storekit */ = {isa = PBXFileReference; lastKnownFileType = text; path = Configuration.storekit; sourceTree = "<group>"; };
		6111A1E526157D870046AAA9 /* Store.swift */ = {isa = PBXFileReference; lastKnownFileType = sourcecode.swift; path = Store.swift; sourceTree = "<group>"; };
		6111A1E626157D870046AAA9 /* Account.swift */ = {isa = PBXFileReference; lastKnownFileType = sourcecode.swift; path = Account.swift; sourceTree = "<group>"; };
		6111A1E826157D870046AAA9 /* Ingredient+SwiftUI.swift */ = {isa = PBXFileReference; lastKnownFileType = sourcecode.swift; path = "Ingredient+SwiftUI.swift"; sourceTree = "<group>"; };
		6111A1E926157D870046AAA9 /* Ingredient+NutritionFacts.swift */ = {isa = PBXFileReference; lastKnownFileType = sourcecode.swift; path = "Ingredient+NutritionFacts.swift"; sourceTree = "<group>"; };
		6111A1EA26157D870046AAA9 /* Ingredient.swift */ = {isa = PBXFileReference; lastKnownFileType = sourcecode.swift; path = Ingredient.swift; sourceTree = "<group>"; };
		6111A1EB26157D870046AAA9 /* IngredientCard.swift */ = {isa = PBXFileReference; lastKnownFileType = sourcecode.swift; path = IngredientCard.swift; sourceTree = "<group>"; };
		6111A1EC26157D870046AAA9 /* IngredientGraphic.swift */ = {isa = PBXFileReference; lastKnownFileType = sourcecode.swift; path = IngredientGraphic.swift; sourceTree = "<group>"; };
		6111A1EE26157D870046AAA9 /* SmoothieRow.swift */ = {isa = PBXFileReference; lastKnownFileType = sourcecode.swift; path = SmoothieRow.swift; sourceTree = "<group>"; };
		6111A1EF26157D870046AAA9 /* SmoothieView.swift */ = {isa = PBXFileReference; lastKnownFileType = sourcecode.swift; path = SmoothieView.swift; sourceTree = "<group>"; };
		6111A1F026157D870046AAA9 /* Smoothie.swift */ = {isa = PBXFileReference; lastKnownFileType = sourcecode.swift; path = Smoothie.swift; sourceTree = "<group>"; };
		6111A1F126157D870046AAA9 /* SmoothieFavoriteButton.swift */ = {isa = PBXFileReference; lastKnownFileType = sourcecode.swift; path = SmoothieFavoriteButton.swift; sourceTree = "<group>"; };
		6111A1F226157D870046AAA9 /* SmoothieHeaderView.swift */ = {isa = PBXFileReference; lastKnownFileType = sourcecode.swift; path = SmoothieHeaderView.swift; sourceTree = "<group>"; };
		6111A1F326157D870046AAA9 /* SmoothieList.swift */ = {isa = PBXFileReference; lastKnownFileType = sourcecode.swift; path = SmoothieList.swift; sourceTree = "<group>"; };
		6111A1F426157D870046AAA9 /* FavoriteSmoothies.swift */ = {isa = PBXFileReference; lastKnownFileType = sourcecode.swift; path = FavoriteSmoothies.swift; sourceTree = "<group>"; };
		6111A1F526157D870046AAA9 /* RedeemSmoothieButton.swift */ = {isa = PBXFileReference; lastKnownFileType = sourcecode.swift; path = RedeemSmoothieButton.swift; sourceTree = "<group>"; };
		6111A1F626157D870046AAA9 /* SmoothieMenu.swift */ = {isa = PBXFileReference; lastKnownFileType = sourcecode.swift; path = SmoothieMenu.swift; sourceTree = "<group>"; };
		6111A1F726157D870046AAA9 /* Smoothie+SwiftUI.swift */ = {isa = PBXFileReference; lastKnownFileType = sourcecode.swift; path = "Smoothie+SwiftUI.swift"; sourceTree = "<group>"; };
		611716C72469DF41000FFDD9 /* AppTabNavigation.swift */ = {isa = PBXFileReference; lastKnownFileType = sourcecode.swift; path = AppTabNavigation.swift; sourceTree = "<group>"; };
		613B66762484659C0030791E /* README.md */ = {isa = PBXFileReference; lastKnownFileType = net.daringfireball.markdown; name = README.md; path = Shared/README.md; sourceTree = "<group>"; };
		619A41C82466033A00C6C4CC /* VisualEffectView.swift */ = {isa = PBXFileReference; lastKnownFileType = sourcecode.swift; path = VisualEffectView.swift; sourceTree = "<group>"; };
		6D82FA26247D741900AC9E13 /* BubbleView.swift */ = {isa = PBXFileReference; lastKnownFileType = sourcecode.swift; path = BubbleView.swift; sourceTree = "<group>"; };
		7F83EDA42481924A0011A00A /* Factory.swift */ = {isa = PBXFileReference; lastKnownFileType = sourcecode.swift; path = Factory.swift; sourceTree = "<group>"; };
		7FC1AA3A24832F0200A6CF1F /* Fruta.entitlements */ = {isa = PBXFileReference; lastKnownFileType = text.plist.entitlements; path = Fruta.entitlements; sourceTree = "<group>"; };
		7FC1AA3B24832F0300A6CF1F /* HealthKit.framework */ = {isa = PBXFileReference; lastKnownFileType = wrapper.framework; name = HealthKit.framework; path = Platforms/iPhoneOS.platform/Developer/SDKs/iPhoneOS14.0.sdk/System/Library/Frameworks/HealthKit.framework; sourceTree = DEVELOPER_DIR; };
		7FD7CAA82485B0E5006C83C3 /* Fruta iOS UI Tests-Bridging-Header.h */ = {isa = PBXFileReference; lastKnownFileType = sourcecode.c.h; path = "Fruta iOS UI Tests-Bridging-Header.h"; sourceTree = "<group>"; };
		7FD7CAAC2485BC2E006C83C3 /* Extension.swift */ = {isa = PBXFileReference; lastKnownFileType = sourcecode.swift; path = Extension.swift; sourceTree = "<group>"; };
		7FDCBE8C2480808C005D7FDE /* Fetcher.swift */ = {isa = PBXFileReference; lastKnownFileType = sourcecode.swift; path = Fetcher.swift; sourceTree = "<group>"; };
		7FDCBE8E248080B0005D7FDE /* Codable.swift */ = {isa = PBXFileReference; lastKnownFileType = sourcecode.swift; path = Codable.swift; sourceTree = "<group>"; };
		7FDCBE91248080C8005D7FDE /* Validation.swift */ = {isa = PBXFileReference; lastKnownFileType = sourcecode.swift; path = Validation.swift; sourceTree = "<group>"; };
		7FDCBE932480821D005D7FDE /* NetworkHelper.swift */ = {isa = PBXFileReference; lastKnownFileType = sourcecode.swift; path = NetworkHelper.swift; sourceTree = "<group>"; };
		80044C01247ED006008F2484 /* ScrollingPerformance.swift */ = {isa = PBXFileReference; lastKnownFileType = sourcecode.swift; path = ScrollingPerformance.swift; sourceTree = "<group>"; };
		80057420247F05F900087158 /* AppLaunch.swift */ = {isa = PBXFileReference; lastKnownFileType = sourcecode.swift; path = AppLaunch.swift; sourceTree = "<group>"; };
		80057422247F05FA00087158 /* Info.plist */ = {isa = PBXFileReference; lastKnownFileType = text.plist.xml; path = Info.plist; sourceTree = "<group>"; };
		80057428247F064A00087158 /* TouchBar.swift */ = {isa = PBXFileReference; lastKnownFileType = sourcecode.swift; path = TouchBar.swift; sourceTree = "<group>"; };
		8005742A247F065A00087158 /* FullScreen.swift */ = {isa = PBXFileReference; lastKnownFileType = sourcecode.swift; path = FullScreen.swift; sourceTree = "<group>"; };
		8017D0232480288F0058786C /* ProtectedResources.swift */ = {isa = PBXFileReference; lastKnownFileType = sourcecode.swift; path = ProtectedResources.swift; sourceTree = "<group>"; };
		8017D02524802DF90058786C /* Favorites.swift */ = {isa = PBXFileReference; lastKnownFileType = sourcecode.swift; path = Favorites.swift; sourceTree = "<group>"; };
		8017D02724802E060058786C /* Rewards.swift */ = {isa = PBXFileReference; lastKnownFileType = sourcecode.swift; path = Rewards.swift; sourceTree = "<group>"; };
		8017D02924802E1D0058786C /* Menu.swift */ = {isa = PBXFileReference; lastKnownFileType = sourcecode.swift; path = Menu.swift; sourceTree = "<group>"; };
		80B38FE8247DD0F9008F5BEE /* AppLaunch.swift */ = {isa = PBXFileReference; lastKnownFileType = sourcecode.swift; path = AppLaunch.swift; sourceTree = "<group>"; };
		80B38FEA247DD0F9008F5BEE /* Info.plist */ = {isa = PBXFileReference; lastKnownFileType = text.plist.xml; path = Info.plist; sourceTree = "<group>"; };
		80B38FFE247DD201008F5BEE /* macOS Tests.xctestplan */ = {isa = PBXFileReference; lastKnownFileType = text; path = "macOS Tests.xctestplan"; sourceTree = "<group>"; };
		80B39008247DD845008F5BEE /* Networking.swift */ = {isa = PBXFileReference; lastKnownFileType = sourcecode.swift; path = Networking.swift; sourceTree = "<group>"; };
		80C85E332481C42600E1BFF3 /* Models.swift */ = {isa = PBXFileReference; lastKnownFileType = sourcecode.swift; path = Models.swift; sourceTree = "<group>"; };
		80C85E352481C44A00E1BFF3 /* Calories.swift */ = {isa = PBXFileReference; lastKnownFileType = sourcecode.swift; path = Calories.swift; sourceTree = "<group>"; };
		80C85E372481C45900E1BFF3 /* Ingredients.swift */ = {isa = PBXFileReference; lastKnownFileType = sourcecode.swift; path = Ingredients.swift; sourceTree = "<group>"; };
		9E53811424832AC000ABDF87 /* FlipView.swift */ = {isa = PBXFileReference; fileEncoding = 4; lastKnownFileType = sourcecode.swift; path = FlipView.swift; sourceTree = "<group>"; };
		9E9CCAA0247F5F600010BD89 /* UtilityViews.h */ = {isa = PBXFileReference; lastKnownFileType = sourcecode.c.h; path = UtilityViews.h; sourceTree = "<group>"; };
		9E9CCAA1247F5F600010BD89 /* Info.plist */ = {isa = PBXFileReference; lastKnownFileType = text.plist.xml; path = Info.plist; sourceTree = "<group>"; };
		9E9CCAB4247F6B430010BD89 /* SmoothieLab.playground */ = {isa = PBXFileReference; lastKnownFileType = file.playground; path = SmoothieLab.playground; sourceTree = "<group>"; xcLanguageSpecificationIdentifier = xcode.lang.swift; };
		9ED9EC37248219E100076765 /* NutritionFacts */ = {isa = PBXFileReference; lastKnownFileType = folder; path = NutritionFacts; sourceTree = "<group>"; };
		9EEF19812484229500F5365E /* ChartView.swift */ = {isa = PBXFileReference; lastKnownFileType = sourcecode.swift; path = ChartView.swift; sourceTree = "<group>"; };
		E69D57A3247C702C00CF3385 /* CircleToggleStyle.swift */ = {isa = PBXFileReference; lastKnownFileType = sourcecode.swift; path = CircleToggleStyle.swift; sourceTree = "<group>"; };
		E6D988E2247A3A7C00FBD32D /* CardActionButton.swift */ = {isa = PBXFileReference; lastKnownFileType = sourcecode.swift; path = CardActionButton.swift; sourceTree = "<group>"; };
		FAA573B2247E1D02009E7AA8 /* Helpers.swift */ = {isa = PBXFileReference; lastKnownFileType = sourcecode.swift; path = Helpers.swift; sourceTree = "<group>"; };
		FAA573B6247E254C009E7AA8 /* SystemAlert.swift */ = {isa = PBXFileReference; lastKnownFileType = sourcecode.swift; path = SystemAlert.swift; sourceTree = "<group>"; };
/* End PBXFileReference section */

/* Begin PBXFrameworksBuildPhase section */
		5E612401244E8B32004DDFF7 /* Frameworks */ = {
			isa = PBXFrameworksBuildPhase;
			buildActionMask = 2147483647;
			files = (
			);
			runOnlyForDeploymentPostprocessing = 0;
		};
		5E612409244E8B32004DDFF7 /* Frameworks */ = {
			isa = PBXFrameworksBuildPhase;
			buildActionMask = 2147483647;
			files = (
				9ED9EC3B24821A0200076765 /* NutritionFacts in Frameworks */,
			);
			runOnlyForDeploymentPostprocessing = 0;
		};
/* End PBXFrameworksBuildPhase section */

/* Begin PBXGroup section */
		040B684024786C5400899813 /* Tests */ = {
			isa = PBXGroup;
			children = (
				040B683A24786A0A00899813 /* Configuration.storekit */,
				040B685D247887F300899813 /* iOS Tests.xctestplan */,
				80B38FFE247DD201008F5BEE /* macOS Tests.xctestplan */,
				80B38FDF247DD047008F5BEE /* Unit Tests */,
				80B38FE0247DD04F008F5BEE /* iOS UI Tests */,
				80044C00247ECEE8008F2484 /* macOS UI Tests */,
			);
			path = Tests;
			sourceTree = "<group>";
		};
		5E6123F7244E8B32004DDFF7 = {
			isa = PBXGroup;
			children = (
				613B66762484659C0030791E /* README.md */,
				5E6123FC244E8B32004DDFF7 /* Shared */,
				5E612406244E8B32004DDFF7 /* iOS */,
				5E61240D244E8B32004DDFF7 /* macOS */,
				9E9CCA9F247F5F600010BD89 /* UtilityViews */,
				040B684024786C5400899813 /* Tests */,
				9ED9EC36248219D400076765 /* Packages */,
				9E9CCAB1247F5F910010BD89 /* Playgrounds */,
				5E612405244E8B32004DDFF7 /* Products */,
				9E93A645247B8B240057344F /* Frameworks */,
			);
			sourceTree = "<group>";
		};
		5E6123FC244E8B32004DDFF7 /* Shared */ = {
			isa = PBXGroup;
			children = (
				5E6123FD244E8B32004DDFF7 /* FrutaApp.swift */,
				5E6123FF244E8B32004DDFF7 /* Assets.xcassets */,
				6111A1C826157D870046AAA9 /* Components */,
				6111A1E726157D870046AAA9 /* Ingredients */,
				6111A1E126157D870046AAA9 /* Model */,
				6111A1DE26157D870046AAA9 /* Navigation */,
				6111A1C326157D870046AAA9 /* Orders */,
				6111A1D826157D870046AAA9 /* Recipe */,
				6111A1ED26157D870046AAA9 /* Smoothie */,
				6111A1D026157D870046AAA9 /* Styles */,
				6111A1D426157D870046AAA9 /* Widgets */,
			);
			path = Shared;
			sourceTree = "<group>";
		};
		5E612405244E8B32004DDFF7 /* Products */ = {
			isa = PBXGroup;
			children = (
				5E612404244E8B32004DDFF7 /* Fruta.app */,
				5E61240C244E8B32004DDFF7 /* Fruta.app */,
			);
			name = Products;
			sourceTree = "<group>";
		};
		5E612406244E8B32004DDFF7 /* iOS */ = {
			isa = PBXGroup;
			children = (
				7FC1AA3A24832F0200A6CF1F /* Fruta.entitlements */,
				5ED308222460CD38000B64A7 /* VisualEffectView.swift */,
				611716C72469DF41000FFDD9 /* AppTabNavigation.swift */,
			);
			path = iOS;
			sourceTree = "<group>";
		};
		5E61240D244E8B32004DDFF7 /* macOS */ = {
			isa = PBXGroup;
			children = (
				5E61240E244E8B32004DDFF7 /* Info.plist */,
				5E61240F244E8B32004DDFF7 /* macOS.entitlements */,
				5EBA05C72463AD9F003B66CF /* Preferences.swift */,
				619A41C82466033A00C6C4CC /* VisualEffectView.swift */,
			);
			path = macOS;
			sourceTree = "<group>";
		};
		6111A1C326157D870046AAA9 /* Orders */ = {
			isa = PBXGroup;
			children = (
				6111A1C426157D870046AAA9 /* RewardsCard.swift */,
				6111A1C526157D870046AAA9 /* OrderPlacedView.swift */,
				6111A1C626157D870046AAA9 /* RewardsView.swift */,
				6111A1C726157D870046AAA9 /* PaymentButton.swift */,
			);
			path = Orders;
			sourceTree = "<group>";
		};
		6111A1C826157D870046AAA9 /* Components */ = {
			isa = PBXGroup;
			children = (
				6111A1C926157D870046AAA9 /* BubbleBackground.swift */,
				6111A1CA26157D870046AAA9 /* StepperView.swift */,
				6111A1CB26157D870046AAA9 /* FlipView.swift */,
				6111A1CC26157D870046AAA9 /* BubbleView.swift */,
				6111A1CD26157D870046AAA9 /* CountButton.swift */,
				6111A1CE26157D870046AAA9 /* CardActionButton.swift */,
				6111A1CF26157D870046AAA9 /* AnimatableFontModifier.swift */,
			);
			path = Components;
			sourceTree = "<group>";
		};
		6111A1D026157D870046AAA9 /* Styles */ = {
			isa = PBXGroup;
			children = (
				6111A1D126157D870046AAA9 /* CircleToggleStyle.swift */,
				6111A1D226157D870046AAA9 /* Animations.swift */,
				6111A1D326157D870046AAA9 /* SquishableButtonStyle.swift */,
			);
			path = Styles;
			sourceTree = "<group>";
		};
		6111A1D426157D870046AAA9 /* Widgets */ = {
			isa = PBXGroup;
			children = (
				6111A1D526157D870046AAA9 /* RewardsCardWidget.swift */,
				6111A1D626157D870046AAA9 /* FeaturedSmoothieWidget.swift */,
				6111A1D726157D870046AAA9 /* FrutaWidgets.swift */,
			);
			path = Widgets;
			sourceTree = "<group>";
		};
		6111A1D826157D870046AAA9 /* Recipe */ = {
			isa = PBXGroup;
			children = (
				6111A1D926157D870046AAA9 /* MeasuredIngredient.swift */,
				6111A1DA26157D870046AAA9 /* RecipeUnlockButton.swift */,
				6111A1DB26157D870046AAA9 /* RecipeView.swift */,
				6111A1DC26157D870046AAA9 /* MeasurementView.swift */,
				6111A1DD26157D870046AAA9 /* RecipeList.swift */,
			);
			path = Recipe;
			sourceTree = "<group>";
		};
		6111A1DE26157D870046AAA9 /* Navigation */ = {
			isa = PBXGroup;
			children = (
				6111A1DF26157D870046AAA9 /* AppSidebarNavigation.swift */,
				6111A1E026157D870046AAA9 /* ContentView.swift */,
			);
			path = Navigation;
			sourceTree = "<group>";
		};
		6111A1E126157D870046AAA9 /* Model */ = {
			isa = PBXGroup;
			children = (
				6111A1E226157D870046AAA9 /* FrutaModel.swift */,
				6111A1E326157D870046AAA9 /* Order.swift */,
				6111A1E426157D870046AAA9 /* Configuration.storekit */,
				6111A1E526157D870046AAA9 /* Store.swift */,
				6111A1E626157D870046AAA9 /* Account.swift */,
			);
			path = Model;
			sourceTree = "<group>";
		};
		6111A1E726157D870046AAA9 /* Ingredients */ = {
			isa = PBXGroup;
			children = (
				6111A1E826157D870046AAA9 /* Ingredient+SwiftUI.swift */,
				6111A1E926157D870046AAA9 /* Ingredient+NutritionFacts.swift */,
				6111A1EA26157D870046AAA9 /* Ingredient.swift */,
				6111A1EB26157D870046AAA9 /* IngredientCard.swift */,
				6111A1EC26157D870046AAA9 /* IngredientGraphic.swift */,
			);
			path = Ingredients;
			sourceTree = "<group>";
		};
		6111A1ED26157D870046AAA9 /* Smoothie */ = {
			isa = PBXGroup;
			children = (
				6111A1EE26157D870046AAA9 /* SmoothieRow.swift */,
				6111A1EF26157D870046AAA9 /* SmoothieView.swift */,
				6111A1F026157D870046AAA9 /* Smoothie.swift */,
				6111A1F126157D870046AAA9 /* SmoothieFavoriteButton.swift */,
				6111A1F226157D870046AAA9 /* SmoothieHeaderView.swift */,
				6111A1F326157D870046AAA9 /* SmoothieList.swift */,
				6111A1F426157D870046AAA9 /* FavoriteSmoothies.swift */,
				6111A1F526157D870046AAA9 /* RedeemSmoothieButton.swift */,
				6111A1F626157D870046AAA9 /* SmoothieMenu.swift */,
				6111A1F726157D870046AAA9 /* Smoothie+SwiftUI.swift */,
			);
			path = Smoothie;
			sourceTree = "<group>";
		};
		7FDCBE9524808228005D7FDE /* Helpers */ = {
			isa = PBXGroup;
			children = (
				7FDCBE8C2480808C005D7FDE /* Fetcher.swift */,
				7FDCBE8E248080B0005D7FDE /* Codable.swift */,
				7FDCBE91248080C8005D7FDE /* Validation.swift */,
				FAA573B2247E1D02009E7AA8 /* Helpers.swift */,
				7F83EDA42481924A0011A00A /* Factory.swift */,
				7FDCBE932480821D005D7FDE /* NetworkHelper.swift */,
			);
			path = Helpers;
			sourceTree = "<group>";
		};
		80044C00247ECEE8008F2484 /* macOS UI Tests */ = {
			isa = PBXGroup;
			children = (
				80057420247F05F900087158 /* AppLaunch.swift */,
				80057428247F064A00087158 /* TouchBar.swift */,
				8005742A247F065A00087158 /* FullScreen.swift */,
				80057422247F05FA00087158 /* Info.plist */,
			);
			path = "macOS UI Tests";
			sourceTree = "<group>";
		};
		80B38FDF247DD047008F5BEE /* Unit Tests */ = {
			isa = PBXGroup;
			children = (
				80C85E332481C42600E1BFF3 /* Models.swift */,
				80C85E372481C45900E1BFF3 /* Ingredients.swift */,
				80C85E352481C44A00E1BFF3 /* Calories.swift */,
				040B684D2478876300899813 /* InAppPurchases.swift */,
				80B39008247DD845008F5BEE /* Networking.swift */,
				7FDCBE9524808228005D7FDE /* Helpers */,
				040B684324786C5400899813 /* Info.plist */,
			);
			path = "Unit Tests";
			sourceTree = "<group>";
		};
		80B38FE0247DD04F008F5BEE /* iOS UI Tests */ = {
			isa = PBXGroup;
			children = (
				80B38FE8247DD0F9008F5BEE /* AppLaunch.swift */,
				8017D02924802E1D0058786C /* Menu.swift */,
				8017D02524802DF90058786C /* Favorites.swift */,
				8017D02724802E060058786C /* Rewards.swift */,
				8017D0232480288F0058786C /* ProtectedResources.swift */,
				80044C01247ED006008F2484 /* ScrollingPerformance.swift */,
				80C85E392481C48000E1BFF3 /* Helpers */,
				80B38FEA247DD0F9008F5BEE /* Info.plist */,
			);
			path = "iOS UI Tests";
			sourceTree = "<group>";
		};
		80C85E392481C48000E1BFF3 /* Helpers */ = {
			isa = PBXGroup;
			children = (
				FAA573B6247E254C009E7AA8 /* SystemAlert.swift */,
				7FD7CAAC2485BC2E006C83C3 /* Extension.swift */,
				7FD7CAA82485B0E5006C83C3 /* Fruta iOS UI Tests-Bridging-Header.h */,
			);
			path = Helpers;
			sourceTree = "<group>";
		};
		9E77DEA724845CAC0077175F /* ChartView */ = {
			isa = PBXGroup;
			children = (
				9EEF19812484229500F5365E /* ChartView.swift */,
			);
			path = ChartView;
			sourceTree = "<group>";
		};
		9E93A645247B8B240057344F /* Frameworks */ = {
			isa = PBXGroup;
			children = (
				7FC1AA3B24832F0300A6CF1F /* HealthKit.framework */,
			);
			name = Frameworks;
			sourceTree = "<group>";
		};
		9E9CCA9F247F5F600010BD89 /* UtilityViews */ = {
			isa = PBXGroup;
			children = (
				9E9CCAA0247F5F600010BD89 /* UtilityViews.h */,
				9E9CCAB2247F5FA40010BD89 /* Views */,
				9E9CCAB3247F5FAC0010BD89 /* Styles */,
				9E9CCAA1247F5F600010BD89 /* Info.plist */,
			);
			path = UtilityViews;
			sourceTree = "<group>";
		};
		9E9CCAB1247F5F910010BD89 /* Playgrounds */ = {
			isa = PBXGroup;
			children = (
				9E9CCAB4247F6B430010BD89 /* SmoothieLab.playground */,
			);
			path = Playgrounds;
			sourceTree = "<group>";
		};
		9E9CCAB2247F5FA40010BD89 /* Views */ = {
			isa = PBXGroup;
			children = (
				9E53811424832AC000ABDF87 /* FlipView.swift */,
				E6D988E2247A3A7C00FBD32D /* CardActionButton.swift */,
				6D82FA26247D741900AC9E13 /* BubbleView.swift */,
				5E1AC2B3247B462A00C63DCF /* CountButton.swift */,
				9E77DEA724845CAC0077175F /* ChartView */,
			);
			path = Views;
			sourceTree = "<group>";
		};
		9E9CCAB3247F5FAC0010BD89 /* Styles */ = {
			isa = PBXGroup;
			children = (
				E69D57A3247C702C00CF3385 /* CircleToggleStyle.swift */,
				5E9FBFA12474A33800468580 /* SquishableButtonStyle.swift */,
			);
			path = Styles;
			sourceTree = "<group>";
		};
		9ED9EC36248219D400076765 /* Packages */ = {
			isa = PBXGroup;
			children = (
				9ED9EC37248219E100076765 /* NutritionFacts */,
			);
			name = Packages;
			sourceTree = "<group>";
		};
/* End PBXGroup section */

/* Begin PBXNativeTarget section */
		5E612403244E8B32004DDFF7 /* Fruta iOS */ = {
			isa = PBXNativeTarget;
			buildConfigurationList = 5E612418244E8B32004DDFF7 /* Build configuration list for PBXNativeTarget "Fruta iOS" */;
			buildPhases = (
				5E612400244E8B32004DDFF7 /* Sources */,
				5E612401244E8B32004DDFF7 /* Frameworks */,
				5E612402244E8B32004DDFF7 /* Resources */,
				9E9CCAA7247F5F600010BD89 /* Embed Frameworks */,
			);
			buildRules = (
			);
			dependencies = (
			);
			name = "Fruta iOS";
			packageProductDependencies = (
			);
			productName = "Smoothies iOS";
			productReference = 5E612404244E8B32004DDFF7 /* Fruta.app */;
			productType = "com.apple.product-type.application";
		};
		5E61240B244E8B32004DDFF7 /* Fruta macOS */ = {
			isa = PBXNativeTarget;
			buildConfigurationList = 5E61241B244E8B32004DDFF7 /* Build configuration list for PBXNativeTarget "Fruta macOS" */;
			buildPhases = (
				5E612408244E8B32004DDFF7 /* Sources */,
				5E612409244E8B32004DDFF7 /* Frameworks */,
				5E61240A244E8B32004DDFF7 /* Resources */,
				9E9CCAB0247F5F7B0010BD89 /* Embed Frameworks */,
			);
			buildRules = (
			);
			dependencies = (
				9E538119248336BD00ABDF87 /* PBXTargetDependency */,
			);
			name = "Fruta macOS";
			packageProductDependencies = (
				9ED9EC3A24821A0200076765 /* NutritionFacts */,
			);
			productName = "Smoothies macOS";
			productReference = 5E61240C244E8B32004DDFF7 /* Fruta.app */;
			productType = "com.apple.product-type.application";
		};
/* End PBXNativeTarget section */

/* Begin PBXProject section */
		5E6123F8244E8B32004DDFF7 /* Project object */ = {
			isa = PBXProject;
			attributes = {
				LastSwiftUpdateCheck = 1200;
				LastUpgradeCheck = 1200;
				TargetAttributes = {
					5E612403244E8B32004DDFF7 = {
						CreatedOnToolsVersion = 12.0;
					};
					5E61240B244E8B32004DDFF7 = {
						CreatedOnToolsVersion = 12.0;
					};
				};
			};
			buildConfigurationList = 5E6123FB244E8B32004DDFF7 /* Build configuration list for PBXProject "Fruta" */;
			compatibilityVersion = "Xcode 9.3";
			developmentRegion = en;
			hasScannedForEncodings = 0;
			knownRegions = (
				en,
				Base,
			);
			mainGroup = 5E6123F7244E8B32004DDFF7;
			packageReferences = (
			);
			productRefGroup = 5E612405244E8B32004DDFF7 /* Products */;
			projectDirPath = "";
			projectRoot = "";
			targets = (
				5E612403244E8B32004DDFF7 /* Fruta iOS */,
				5E61240B244E8B32004DDFF7 /* Fruta macOS */,
			);
		};
/* End PBXProject section */

/* Begin PBXResourcesBuildPhase section */
		5E612402244E8B32004DDFF7 /* Resources */ = {
			isa = PBXResourcesBuildPhase;
			buildActionMask = 2147483647;
			files = (
				5E612414244E8B32004DDFF7 /* Assets.xcassets in Resources */,
			);
			runOnlyForDeploymentPostprocessing = 0;
		};
		5E61240A244E8B32004DDFF7 /* Resources */ = {
			isa = PBXResourcesBuildPhase;
			buildActionMask = 2147483647;
			files = (
				5E612415244E8B32004DDFF7 /* Assets.xcassets in Resources */,
				5E1AC2B6247B899200C63DCF /* Configuration.storekit in Resources */,
			);
			runOnlyForDeploymentPostprocessing = 0;
		};
/* End PBXResourcesBuildPhase section */

/* Begin PBXSourcesBuildPhase section */
		5E612400244E8B32004DDFF7 /* Sources */ = {
			isa = PBXSourcesBuildPhase;
			buildActionMask = 2147483647;
			files = (
				5ED308232460CD38000B64A7 /* VisualEffectView.swift in Sources */,
				5E612410244E8B32004DDFF7 /* FrutaApp.swift in Sources */,
				611716C82469DF41000FFDD9 /* AppTabNavigation.swift in Sources */,
			);
			runOnlyForDeploymentPostprocessing = 0;
		};
		5E612408244E8B32004DDFF7 /* Sources */ = {
			isa = PBXSourcesBuildPhase;
			buildActionMask = 2147483647;
			files = (
				619A41CA2466033D00C6C4CC /* VisualEffectView.swift in Sources */,
				5EBA05C82463AD9F003B66CF /* Preferences.swift in Sources */,
				5E612411244E8B32004DDFF7 /* FrutaApp.swift in Sources */,
			);
			runOnlyForDeploymentPostprocessing = 0;
		};
/* End PBXSourcesBuildPhase section */

/* Begin PBXTargetDependency section */
		9E538119248336BD00ABDF87 /* PBXTargetDependency */ = {
			isa = PBXTargetDependency;
			productRef = 9E538118248336BD00ABDF87 /* NutritionFacts */;
		};
/* End PBXTargetDependency section */

/* Begin XCBuildConfiguration section */
		5E612416244E8B32004DDFF7 /* Debug */ = {
			isa = XCBuildConfiguration;
			buildSettings = {
				ALWAYS_SEARCH_USER_PATHS = NO;
				CLANG_ANALYZER_NONNULL = YES;
				CLANG_ANALYZER_NUMBER_OBJECT_CONVERSION = YES_AGGRESSIVE;
				CLANG_CXX_LANGUAGE_STANDARD = "gnu++14";
				CLANG_CXX_LIBRARY = "libc++";
				CLANG_ENABLE_MODULES = YES;
				CLANG_ENABLE_OBJC_ARC = YES;
				CLANG_ENABLE_OBJC_WEAK = YES;
				CLANG_WARN_BLOCK_CAPTURE_AUTORELEASING = YES;
				CLANG_WARN_BOOL_CONVERSION = YES;
				CLANG_WARN_COMMA = YES;
				CLANG_WARN_CONSTANT_CONVERSION = YES;
				CLANG_WARN_DEPRECATED_OBJC_IMPLEMENTATIONS = YES;
				CLANG_WARN_DIRECT_OBJC_ISA_USAGE = YES_ERROR;
				CLANG_WARN_DOCUMENTATION_COMMENTS = YES;
				CLANG_WARN_EMPTY_BODY = YES;
				CLANG_WARN_ENUM_CONVERSION = YES;
				CLANG_WARN_INFINITE_RECURSION = YES;
				CLANG_WARN_INT_CONVERSION = YES;
				CLANG_WARN_NON_LITERAL_NULL_CONVERSION = YES;
				CLANG_WARN_OBJC_IMPLICIT_RETAIN_SELF = YES;
				CLANG_WARN_OBJC_LITERAL_CONVERSION = YES;
				CLANG_WARN_OBJC_ROOT_CLASS = YES_ERROR;
				CLANG_WARN_QUOTED_INCLUDE_IN_FRAMEWORK_HEADER = YES;
				CLANG_WARN_RANGE_LOOP_ANALYSIS = YES;
				CLANG_WARN_STRICT_PROTOTYPES = YES;
				CLANG_WARN_SUSPICIOUS_MOVE = YES;
				CLANG_WARN_UNGUARDED_AVAILABILITY = YES_AGGRESSIVE;
				CLANG_WARN_UNREACHABLE_CODE = YES;
				CLANG_WARN__DUPLICATE_METHOD_MATCH = YES;
				COPY_PHASE_STRIP = NO;
				DEBUG_INFORMATION_FORMAT = dwarf;
				ENABLE_STRICT_OBJC_MSGSEND = YES;
				ENABLE_TESTABILITY = YES;
				GCC_C_LANGUAGE_STANDARD = gnu11;
				GCC_DYNAMIC_NO_PIC = NO;
				GCC_NO_COMMON_BLOCKS = YES;
				GCC_OPTIMIZATION_LEVEL = 0;
				GCC_PREPROCESSOR_DEFINITIONS = (
					"DEBUG=1",
					"$(inherited)",
				);
				GCC_WARN_64_TO_32_BIT_CONVERSION = YES;
				GCC_WARN_ABOUT_RETURN_TYPE = YES_ERROR;
				GCC_WARN_UNDECLARED_SELECTOR = YES;
				GCC_WARN_UNINITIALIZED_AUTOS = YES_AGGRESSIVE;
				GCC_WARN_UNUSED_FUNCTION = YES;
				GCC_WARN_UNUSED_VARIABLE = YES;
				MTL_ENABLE_DEBUG_INFO = INCLUDE_SOURCE;
				MTL_FAST_MATH = YES;
				ONLY_ACTIVE_ARCH = YES;
				SWIFT_ACTIVE_COMPILATION_CONDITIONS = DEBUG;
				SWIFT_OPTIMIZATION_LEVEL = "-Onone";
			};
			name = Debug;
		};
		5E612417244E8B32004DDFF7 /* Release */ = {
			isa = XCBuildConfiguration;
			buildSettings = {
				ALWAYS_SEARCH_USER_PATHS = NO;
				CLANG_ANALYZER_NONNULL = YES;
				CLANG_ANALYZER_NUMBER_OBJECT_CONVERSION = YES_AGGRESSIVE;
				CLANG_CXX_LANGUAGE_STANDARD = "gnu++14";
				CLANG_CXX_LIBRARY = "libc++";
				CLANG_ENABLE_MODULES = YES;
				CLANG_ENABLE_OBJC_ARC = YES;
				CLANG_ENABLE_OBJC_WEAK = YES;
				CLANG_WARN_BLOCK_CAPTURE_AUTORELEASING = YES;
				CLANG_WARN_BOOL_CONVERSION = YES;
				CLANG_WARN_COMMA = YES;
				CLANG_WARN_CONSTANT_CONVERSION = YES;
				CLANG_WARN_DEPRECATED_OBJC_IMPLEMENTATIONS = YES;
				CLANG_WARN_DIRECT_OBJC_ISA_USAGE = YES_ERROR;
				CLANG_WARN_DOCUMENTATION_COMMENTS = YES;
				CLANG_WARN_EMPTY_BODY = YES;
				CLANG_WARN_ENUM_CONVERSION = YES;
				CLANG_WARN_INFINITE_RECURSION = YES;
				CLANG_WARN_INT_CONVERSION = YES;
				CLANG_WARN_NON_LITERAL_NULL_CONVERSION = YES;
				CLANG_WARN_OBJC_IMPLICIT_RETAIN_SELF = YES;
				CLANG_WARN_OBJC_LITERAL_CONVERSION = YES;
				CLANG_WARN_OBJC_ROOT_CLASS = YES_ERROR;
				CLANG_WARN_QUOTED_INCLUDE_IN_FRAMEWORK_HEADER = YES;
				CLANG_WARN_RANGE_LOOP_ANALYSIS = YES;
				CLANG_WARN_STRICT_PROTOTYPES = YES;
				CLANG_WARN_SUSPICIOUS_MOVE = YES;
				CLANG_WARN_UNGUARDED_AVAILABILITY = YES_AGGRESSIVE;
				CLANG_WARN_UNREACHABLE_CODE = YES;
				CLANG_WARN__DUPLICATE_METHOD_MATCH = YES;
				COPY_PHASE_STRIP = NO;
				DEBUG_INFORMATION_FORMAT = "dwarf-with-dsym";
				ENABLE_NS_ASSERTIONS = NO;
				ENABLE_STRICT_OBJC_MSGSEND = YES;
				GCC_C_LANGUAGE_STANDARD = gnu11;
				GCC_NO_COMMON_BLOCKS = YES;
				GCC_WARN_64_TO_32_BIT_CONVERSION = YES;
				GCC_WARN_ABOUT_RETURN_TYPE = YES_ERROR;
				GCC_WARN_UNDECLARED_SELECTOR = YES;
				GCC_WARN_UNINITIALIZED_AUTOS = YES_AGGRESSIVE;
				GCC_WARN_UNUSED_FUNCTION = YES;
				GCC_WARN_UNUSED_VARIABLE = YES;
				MTL_ENABLE_DEBUG_INFO = NO;
				MTL_FAST_MATH = YES;
				SWIFT_COMPILATION_MODE = wholemodule;
				SWIFT_OPTIMIZATION_LEVEL = "-O";
			};
			name = Release;
		};
		5E612419244E8B32004DDFF7 /* Debug */ = {
			isa = XCBuildConfiguration;
			buildSettings = {
				ASSETCATALOG_COMPILER_APPICON_NAME = AppIcon;
				ASSETCATALOG_COMPILER_INCLUDE_ALL_APPICON_ASSETS = YES;
				CODE_SIGN_ENTITLEMENTS = iOS/Fruta.entitlements;
				CODE_SIGN_STYLE = Automatic;
				DEVELOPMENT_TEAM = 59GAB85EFG;
				INFOPLIST_FILE = iOS/Info.plist;
				IPHONEOS_DEPLOYMENT_TARGET = 15.0;
				LD_RUNPATH_SEARCH_PATHS = (
					"$(inherited)",
					"@executable_path/Frameworks",
				);
				MARKETING_VERSION = 2.0;
				PRODUCT_BUNDLE_IDENTIFIER = "com.example.apple-samplecode.fruta";
				PRODUCT_NAME = Fruta;
				SDKROOT = iphoneos;
				SWIFT_VERSION = 5.0;
				TARGETED_DEVICE_FAMILY = "1,2";
			};
			name = Debug;
		};
		5E61241A244E8B32004DDFF7 /* Release */ = {
			isa = XCBuildConfiguration;
			buildSettings = {
				ASSETCATALOG_COMPILER_APPICON_NAME = AppIcon;
				ASSETCATALOG_COMPILER_INCLUDE_ALL_APPICON_ASSETS = YES;
				CODE_SIGN_ENTITLEMENTS = iOS/Fruta.entitlements;
				CODE_SIGN_STYLE = Automatic;
				DEVELOPMENT_TEAM = 59GAB85EFG;
				INFOPLIST_FILE = iOS/Info.plist;
				IPHONEOS_DEPLOYMENT_TARGET = 15.0;
				LD_RUNPATH_SEARCH_PATHS = (
					"$(inherited)",
					"@executable_path/Frameworks",
				);
				MARKETING_VERSION = 2.0;
				PRODUCT_BUNDLE_IDENTIFIER = "com.example.apple-samplecode.fruta";
				PRODUCT_NAME = Fruta;
				SDKROOT = iphoneos;
				SWIFT_VERSION = 5.0;
				TARGETED_DEVICE_FAMILY = "1,2";
				VALIDATE_PRODUCT = YES;
			};
			name = Release;
		};
		5E61241C244E8B32004DDFF7 /* Debug */ = {
			isa = XCBuildConfiguration;
			buildSettings = {
				ALWAYS_EMBED_SWIFT_STANDARD_LIBRARIES = YES;
				ASSETCATALOG_COMPILER_APPICON_NAME = AppIcon;
				CODE_SIGN_ENTITLEMENTS = macOS/macOS.entitlements;
				CODE_SIGN_STYLE = Automatic;
				COMBINE_HIDPI_IMAGES = YES;
				DEVELOPMENT_TEAM = 59GAB85EFG;
				ENABLE_HARDENED_RUNTIME = YES;
				INFOPLIST_FILE = macOS/Info.plist;
				LD_RUNPATH_SEARCH_PATHS = (
					"$(inherited)",
					"@executable_path/../Frameworks",
				);
				MACOSX_DEPLOYMENT_TARGET = 12.0;
				PRODUCT_BUNDLE_IDENTIFIER = "com.example.apple-samplecode.fruta";
				PRODUCT_NAME = Fruta;
				SDKROOT = macosx;
				SWIFT_VERSION = 5.0;
			};
			name = Debug;
		};
		5E61241D244E8B32004DDFF7 /* Release */ = {
			isa = XCBuildConfiguration;
			buildSettings = {
				ALWAYS_EMBED_SWIFT_STANDARD_LIBRARIES = YES;
				ASSETCATALOG_COMPILER_APPICON_NAME = AppIcon;
				CODE_SIGN_ENTITLEMENTS = macOS/macOS.entitlements;
				CODE_SIGN_STYLE = Automatic;
				COMBINE_HIDPI_IMAGES = YES;
				DEVELOPMENT_TEAM = 59GAB85EFG;
				ENABLE_HARDENED_RUNTIME = YES;
				INFOPLIST_FILE = macOS/Info.plist;
				LD_RUNPATH_SEARCH_PATHS = (
					"$(inherited)",
					"@executable_path/../Frameworks",
				);
				MACOSX_DEPLOYMENT_TARGET = 12.0;
				PRODUCT_BUNDLE_IDENTIFIER = "com.example.apple-samplecode.fruta";
				PRODUCT_NAME = Fruta;
				SDKROOT = macosx;
				SWIFT_VERSION = 5.0;
			};
			name = Release;
		};
/* End XCBuildConfiguration section */

/* Begin XCConfigurationList section */
		5E6123FB244E8B32004DDFF7 /* Build configuration list for PBXProject "Fruta" */ = {
			isa = XCConfigurationList;
			buildConfigurations = (
				5E612416244E8B32004DDFF7 /* Debug */,
				5E612417244E8B32004DDFF7 /* Release */,
			);
			defaultConfigurationIsVisible = 0;
			defaultConfigurationName = Release;
		};
		5E612418244E8B32004DDFF7 /* Build configuration list for PBXNativeTarget "Fruta iOS" */ = {
			isa = XCConfigurationList;
			buildConfigurations = (
				5E612419244E8B32004DDFF7 /* Debug */,
				5E61241A244E8B32004DDFF7 /* Release */,
			);
			defaultConfigurationIsVisible = 0;
			defaultConfigurationName = Release;
		};
		5E61241B244E8B32004DDFF7 /* Build configuration list for PBXNativeTarget "Fruta macOS" */ = {
			isa = XCConfigurationList;
			buildConfigurations = (
				5E61241C244E8B32004DDFF7 /* Debug */,
				5E61241D244E8B32004DDFF7 /* Release */,
			);
			defaultConfigurationIsVisible = 0;
			defaultConfigurationName = Release;
		};
/* End XCConfigurationList section */

/* Begin XCSwiftPackageProductDependency section */
		9E538118248336BD00ABDF87 /* NutritionFacts */ = {
			isa = XCSwiftPackageProductDependency;
			productName = NutritionFacts;
		};
		9ED9EC3A24821A0200076765 /* NutritionFacts */ = {
			isa = XCSwiftPackageProductDependency;
			productName = NutritionFacts;
		};
/* End XCSwiftPackageProductDependency section */
	};
	rootObject = 5E6123F8244E8B32004DDFF7 /* Project object */;
}
